// !$*UTF8*$!
{
	archiveVersion = 1;
	classes = {
	};
	objectVersion = 56;
	objects = {

/* Begin PBXBuildFile section */
		182567E929FC1087006CB26C /* PopularDesinationsView.swift in Sources */ = {isa = PBXBuildFile; fileRef = 182567E829FC1087006CB26C /* PopularDesinationsView.swift */; };
		182567EB29FC1146006CB26C /* PopularRestaurantsView.swift in Sources */ = {isa = PBXBuildFile; fileRef = 182567EA29FC1146006CB26C /* PopularRestaurantsView.swift */; };
		182567ED29FC116F006CB26C /* TrendingCreatorsView.swift in Sources */ = {isa = PBXBuildFile; fileRef = 182567EC29FC116F006CB26C /* TrendingCreatorsView.swift */; };
		182567EF29FC118F006CB26C /* DiscoverCategoriesView.swift in Sources */ = {isa = PBXBuildFile; fileRef = 182567EE29FC118F006CB26C /* DiscoverCategoriesView.swift */; };
		182567F229FC120C006CB26C /* Destinations.swift in Sources */ = {isa = PBXBuildFile; fileRef = 182567F129FC120C006CB26C /* Destinations.swift */; };
		182567F429FC121A006CB26C /* Restaurant.swift in Sources */ = {isa = PBXBuildFile; fileRef = 182567F329FC121A006CB26C /* Restaurant.swift */; };
		182567F629FC1228006CB26C /* User.swift in Sources */ = {isa = PBXBuildFile; fileRef = 182567F529FC1228006CB26C /* User.swift */; };
		182567F829FC1234006CB26C /* Category.swift in Sources */ = {isa = PBXBuildFile; fileRef = 182567F729FC1234006CB26C /* Category.swift */; };
		18A83CB229F7D0E30007274D /* TravelDiscoveryApp.swift in Sources */ = {isa = PBXBuildFile; fileRef = 18A83CB129F7D0E30007274D /* TravelDiscoveryApp.swift */; };
		18A83CB429F7D0E30007274D /* DiscoverView.swift in Sources */ = {isa = PBXBuildFile; fileRef = 18A83CB329F7D0E30007274D /* DiscoverView.swift */; };
		18A83CB629F7D0E50007274D /* Assets.xcassets in Resources */ = {isa = PBXBuildFile; fileRef = 18A83CB529F7D0E50007274D /* Assets.xcassets */; };
		18A83CB929F7D0E50007274D /* Preview Assets.xcassets in Resources */ = {isa = PBXBuildFile; fileRef = 18A83CB829F7D0E50007274D /* Preview Assets.xcassets */; };
/* End PBXBuildFile section */

/* Begin PBXFileReference section */
		182567E829FC1087006CB26C /* PopularDesinationsView.swift */ = {isa = PBXFileReference; lastKnownFileType = sourcecode.swift; path = PopularDesinationsView.swift; sourceTree = "<group>"; };
		182567EA29FC1146006CB26C /* PopularRestaurantsView.swift */ = {isa = PBXFileReference; lastKnownFileType = sourcecode.swift; path = PopularRestaurantsView.swift; sourceTree = "<group>"; };
		182567EC29FC116F006CB26C /* TrendingCreatorsView.swift */ = {isa = PBXFileReference; lastKnownFileType = sourcecode.swift; path = TrendingCreatorsView.swift; sourceTree = "<group>"; };
		182567EE29FC118F006CB26C /* DiscoverCategoriesView.swift */ = {isa = PBXFileReference; lastKnownFileType = sourcecode.swift; path = DiscoverCategoriesView.swift; sourceTree = "<group>"; };
		182567F129FC120C006CB26C /* Destinations.swift */ = {isa = PBXFileReference; lastKnownFileType = sourcecode.swift; path = Destinations.swift; sourceTree = "<group>"; };
		182567F329FC121A006CB26C /* Restaurant.swift */ = {isa = PBXFileReference; lastKnownFileType = sourcecode.swift; path = Restaurant.swift; sourceTree = "<group>"; };
		182567F529FC1228006CB26C /* User.swift */ = {isa = PBXFileReference; lastKnownFileType = sourcecode.swift; path = User.swift; sourceTree = "<group>"; };
		182567F729FC1234006CB26C /* Category.swift */ = {isa = PBXFileReference; lastKnownFileType = sourcecode.swift; path = Category.swift; sourceTree = "<group>"; };
		18A83CAE29F7D0E30007274D /* TravelDiscovery.app */ = {isa = PBXFileReference; explicitFileType = wrapper.application; includeInIndex = 0; path = TravelDiscovery.app; sourceTree = BUILT_PRODUCTS_DIR; };
		18A83CB129F7D0E30007274D /* TravelDiscoveryApp.swift */ = {isa = PBXFileReference; lastKnownFileType = sourcecode.swift; path = TravelDiscoveryApp.swift; sourceTree = "<group>"; };
		18A83CB329F7D0E30007274D /* DiscoverView.swift */ = {isa = PBXFileReference; lastKnownFileType = sourcecode.swift; path = DiscoverView.swift; sourceTree = "<group>"; };
		18A83CB529F7D0E50007274D /* Assets.xcassets */ = {isa = PBXFileReference; lastKnownFileType = folder.assetcatalog; path = Assets.xcassets; sourceTree = "<group>"; };
		18A83CB829F7D0E50007274D /* Preview Assets.xcassets */ = {isa = PBXFileReference; lastKnownFileType = folder.assetcatalog; path = "Preview Assets.xcassets"; sourceTree = "<group>"; };
/* End PBXFileReference section */

/* Begin PBXFrameworksBuildPhase section */
		18A83CAB29F7D0E30007274D /* Frameworks */ = {
			isa = PBXFrameworksBuildPhase;
			buildActionMask = 2147483647;
			files = (
			);
			runOnlyForDeploymentPostprocessing = 0;
		};
/* End PBXFrameworksBuildPhase section */

/* Begin PBXGroup section */
		182567E729FC0F3C006CB26C /* Discover */ = {
			isa = PBXGroup;
			children = (
				18A83CB329F7D0E30007274D /* DiscoverView.swift */,
				182567EE29FC118F006CB26C /* DiscoverCategoriesView.swift */,
				182567EC29FC116F006CB26C /* TrendingCreatorsView.swift */,
				182567E829FC1087006CB26C /* PopularDesinationsView.swift */,
				182567EA29FC1146006CB26C /* PopularRestaurantsView.swift */,
			);
			path = Discover;
			sourceTree = "<group>";
		};
		182567F029FC11FE006CB26C /* Models */ = {
			isa = PBXGroup;
			children = (
				182567F129FC120C006CB26C /* Destinations.swift */,
				182567F329FC121A006CB26C /* Restaurant.swift */,
				182567F529FC1228006CB26C /* User.swift */,
				182567F729FC1234006CB26C /* Category.swift */,
			);
			path = Models;
			sourceTree = "<group>";
		};
		18A83CA529F7D0E30007274D = {
			isa = PBXGroup;
			children = (
				18A83CB029F7D0E30007274D /* TravelDiscovery */,
				18A83CAF29F7D0E30007274D /* Products */,
			);
			sourceTree = "<group>";
		};
		18A83CAF29F7D0E30007274D /* Products */ = {
			isa = PBXGroup;
			children = (
				18A83CAE29F7D0E30007274D /* TravelDiscovery.app */,
			);
			name = Products;
			sourceTree = "<group>";
		};
		18A83CB029F7D0E30007274D /* TravelDiscovery */ = {
			isa = PBXGroup;
			children = (
				182567F029FC11FE006CB26C /* Models */,
				182567E729FC0F3C006CB26C /* Discover */,
				18A83CB129F7D0E30007274D /* TravelDiscoveryApp.swift */,
				18A83CB529F7D0E50007274D /* Assets.xcassets */,
				18A83CB729F7D0E50007274D /* Preview Content */,
			);
			path = TravelDiscovery;
			sourceTree = "<group>";
		};
		18A83CB729F7D0E50007274D /* Preview Content */ = {
			isa = PBXGroup;
			children = (
				18A83CB829F7D0E50007274D /* Preview Assets.xcassets */,
			);
			path = "Preview Content";
			sourceTree = "<group>";
		};
/* End PBXGroup section */

/* Begin PBXNativeTarget section */
		18A83CAD29F7D0E30007274D /* TravelDiscovery */ = {
			isa = PBXNativeTarget;
			buildConfigurationList = 18A83CBC29F7D0E50007274D /* Build configuration list for PBXNativeTarget "TravelDiscovery" */;
			buildPhases = (
				18A83CAA29F7D0E30007274D /* Sources */,
				18A83CAB29F7D0E30007274D /* Frameworks */,
				18A83CAC29F7D0E30007274D /* Resources */,
			);
			buildRules = (
			);
			dependencies = (
			);
			name = TravelDiscovery;
			productName = TravelDiscovery;
			productReference = 18A83CAE29F7D0E30007274D /* TravelDiscovery.app */;
			productType = "com.apple.product-type.application";
		};
/* End PBXNativeTarget section */

/* Begin PBXProject section */
		18A83CA629F7D0E30007274D /* Project object */ = {
			isa = PBXProject;
			attributes = {
				BuildIndependentTargetsInParallel = 1;
				LastSwiftUpdateCheck = 1400;
				LastUpgradeCheck = 1400;
				TargetAttributes = {
					18A83CAD29F7D0E30007274D = {
						CreatedOnToolsVersion = 14.0;
					};
				};
			};
			buildConfigurationList = 18A83CA929F7D0E30007274D /* Build configuration list for PBXProject "TravelDiscovery" */;
			compatibilityVersion = "Xcode 14.0";
			developmentRegion = en;
			hasScannedForEncodings = 0;
			knownRegions = (
				en,
				Base,
			);
			mainGroup = 18A83CA529F7D0E30007274D;
			productRefGroup = 18A83CAF29F7D0E30007274D /* Products */;
			projectDirPath = "";
			projectRoot = "";
			targets = (
				18A83CAD29F7D0E30007274D /* TravelDiscovery */,
			);
		};
/* End PBXProject section */

/* Begin PBXResourcesBuildPhase section */
		18A83CAC29F7D0E30007274D /* Resources */ = {
			isa = PBXResourcesBuildPhase;
			buildActionMask = 2147483647;
			files = (
				18A83CB929F7D0E50007274D /* Preview Assets.xcassets in Resources */,
				18A83CB629F7D0E50007274D /* Assets.xcassets in Resources */,
			);
			runOnlyForDeploymentPostprocessing = 0;
		};
/* End PBXResourcesBuildPhase section */

/* Begin PBXSourcesBuildPhase section */
		18A83CAA29F7D0E30007274D /* Sources */ = {
			isa = PBXSourcesBuildPhase;
			buildActionMask = 2147483647;
			files = (
				182567ED29FC116F006CB26C /* TrendingCreatorsView.swift in Sources */,
				182567F829FC1234006CB26C /* Category.swift in Sources */,
				182567F229FC120C006CB26C /* Destinations.swift in Sources */,
				182567E929FC1087006CB26C /* PopularDesinationsView.swift in Sources */,
				182567EB29FC1146006CB26C /* PopularRestaurantsView.swift in Sources */,
				182567F429FC121A006CB26C /* Restaurant.swift in Sources */,
				182567F629FC1228006CB26C /* User.swift in Sources */,
				18A83CB429F7D0E30007274D /* DiscoverView.swift in Sources */,
				18A83CB229F7D0E30007274D /* TravelDiscoveryApp.swift in Sources */,
				182567EF29FC118F006CB26C /* DiscoverCategoriesView.swift in Sources */,
			);
			runOnlyForDeploymentPostprocessing = 0;
		};
/* End PBXSourcesBuildPhase section */

/* Begin XCBuildConfiguration section */
		18A83CBA29F7D0E50007274D /* Debug */ = {
			isa = XCBuildConfiguration;
			buildSettings = {
				ALWAYS_SEARCH_USER_PATHS = NO;
				CLANG_ANALYZER_NONNULL = YES;
				CLANG_ANALYZER_NUMBER_OBJECT_CONVERSION = YES_AGGRESSIVE;
				CLANG_CXX_LANGUAGE_STANDARD = "gnu++20";
				CLANG_ENABLE_MODULES = YES;
				CLANG_ENABLE_OBJC_ARC = YES;
				CLANG_ENABLE_OBJC_WEAK = YES;
				CLANG_WARN_BLOCK_CAPTURE_AUTORELEASING = YES;
				CLANG_WARN_BOOL_CONVERSION = YES;
				CLANG_WARN_COMMA = YES;
				CLANG_WARN_CONSTANT_CONVERSION = YES;
				CLANG_WARN_DEPRECATED_OBJC_IMPLEMENTATIONS = YES;
				CLANG_WARN_DIRECT_OBJC_ISA_USAGE = YES_ERROR;
				CLANG_WARN_DOCUMENTATION_COMMENTS = YES;
				CLANG_WARN_EMPTY_BODY = YES;
				CLANG_WARN_ENUM_CONVERSION = YES;
				CLANG_WARN_INFINITE_RECURSION = YES;
				CLANG_WARN_INT_CONVERSION = YES;
				CLANG_WARN_NON_LITERAL_NULL_CONVERSION = YES;
				CLANG_WARN_OBJC_IMPLICIT_RETAIN_SELF = YES;
				CLANG_WARN_OBJC_LITERAL_CONVERSION = YES;
				CLANG_WARN_OBJC_ROOT_CLASS = YES_ERROR;
				CLANG_WARN_QUOTED_INCLUDE_IN_FRAMEWORK_HEADER = YES;
				CLANG_WARN_RANGE_LOOP_ANALYSIS = YES;
				CLANG_WARN_STRICT_PROTOTYPES = YES;
				CLANG_WARN_SUSPICIOUS_MOVE = YES;
				CLANG_WARN_UNGUARDED_AVAILABILITY = YES_AGGRESSIVE;
				CLANG_WARN_UNREACHABLE_CODE = YES;
				CLANG_WARN__DUPLICATE_METHOD_MATCH = YES;
				COPY_PHASE_STRIP = NO;
				DEBUG_INFORMATION_FORMAT = dwarf;
				ENABLE_STRICT_OBJC_MSGSEND = YES;
				ENABLE_TESTABILITY = YES;
				GCC_C_LANGUAGE_STANDARD = gnu11;
				GCC_DYNAMIC_NO_PIC = NO;
				GCC_NO_COMMON_BLOCKS = YES;
				GCC_OPTIMIZATION_LEVEL = 0;
				GCC_PREPROCESSOR_DEFINITIONS = (
					"DEBUG=1",
					"$(inherited)",
				);
				GCC_WARN_64_TO_32_BIT_CONVERSION = YES;
				GCC_WARN_ABOUT_RETURN_TYPE = YES_ERROR;
				GCC_WARN_UNDECLARED_SELECTOR = YES;
				GCC_WARN_UNINITIALIZED_AUTOS = YES_AGGRESSIVE;
				GCC_WARN_UNUSED_FUNCTION = YES;
				GCC_WARN_UNUSED_VARIABLE = YES;
				IPHONEOS_DEPLOYMENT_TARGET = 16.0;
				MTL_ENABLE_DEBUG_INFO = INCLUDE_SOURCE;
				MTL_FAST_MATH = YES;
				ONLY_ACTIVE_ARCH = YES;
				SDKROOT = iphoneos;
				SWIFT_ACTIVE_COMPILATION_CONDITIONS = DEBUG;
				SWIFT_OPTIMIZATION_LEVEL = "-Onone";
			};
			name = Debug;
		};
		18A83CBB29F7D0E50007274D /* Release */ = {
			isa = XCBuildConfiguration;
			buildSettings = {
				ALWAYS_SEARCH_USER_PATHS = NO;
				CLANG_ANALYZER_NONNULL = YES;
				CLANG_ANALYZER_NUMBER_OBJECT_CONVERSION = YES_AGGRESSIVE;
				CLANG_CXX_LANGUAGE_STANDARD = "gnu++20";
				CLANG_ENABLE_MODULES = YES;
				CLANG_ENABLE_OBJC_ARC = YES;
				CLANG_ENABLE_OBJC_WEAK = YES;
				CLANG_WARN_BLOCK_CAPTURE_AUTORELEASING = YES;
				CLANG_WARN_BOOL_CONVERSION = YES;
				CLANG_WARN_COMMA = YES;
				CLANG_WARN_CONSTANT_CONVERSION = YES;
				CLANG_WARN_DEPRECATED_OBJC_IMPLEMENTATIONS = YES;
				CLANG_WARN_DIRECT_OBJC_ISA_USAGE = YES_ERROR;
				CLANG_WARN_DOCUMENTATION_COMMENTS = YES;
				CLANG_WARN_EMPTY_BODY = YES;
				CLANG_WARN_ENUM_CONVERSION = YES;
				CLANG_WARN_INFINITE_RECURSION = YES;
				CLANG_WARN_INT_CONVERSION = YES;
				CLANG_WARN_NON_LITERAL_NULL_CONVERSION = YES;
				CLANG_WARN_OBJC_IMPLICIT_RETAIN_SELF = YES;
				CLANG_WARN_OBJC_LITERAL_CONVERSION = YES;
				CLANG_WARN_OBJC_ROOT_CLASS = YES_ERROR;
				CLANG_WARN_QUOTED_INCLUDE_IN_FRAMEWORK_HEADER = YES;
				CLANG_WARN_RANGE_LOOP_ANALYSIS = YES;
				CLANG_WARN_STRICT_PROTOTYPES = YES;
				CLANG_WARN_SUSPICIOUS_MOVE = YES;
				CLANG_WARN_UNGUARDED_AVAILABILITY = YES_AGGRESSIVE;
				CLANG_WARN_UNREACHABLE_CODE = YES;
				CLANG_WARN__DUPLICATE_METHOD_MATCH = YES;
				COPY_PHASE_STRIP = NO;
				DEBUG_INFORMATION_FORMAT = "dwarf-with-dsym";
				ENABLE_NS_ASSERTIONS = NO;
				ENABLE_STRICT_OBJC_MSGSEND = YES;
				GCC_C_LANGUAGE_STANDARD = gnu11;
				GCC_NO_COMMON_BLOCKS = YES;
				GCC_WARN_64_TO_32_BIT_CONVERSION = YES;
				GCC_WARN_ABOUT_RETURN_TYPE = YES_ERROR;
				GCC_WARN_UNDECLARED_SELECTOR = YES;
				GCC_WARN_UNINITIALIZED_AUTOS = YES_AGGRESSIVE;
				GCC_WARN_UNUSED_FUNCTION = YES;
				GCC_WARN_UNUSED_VARIABLE = YES;
				IPHONEOS_DEPLOYMENT_TARGET = 16.0;
				MTL_ENABLE_DEBUG_INFO = NO;
				MTL_FAST_MATH = YES;
				SDKROOT = iphoneos;
				SWIFT_COMPILATION_MODE = wholemodule;
				SWIFT_OPTIMIZATION_LEVEL = "-O";
				VALIDATE_PRODUCT = YES;
			};
			name = Release;
		};
		18A83CBD29F7D0E50007274D /* Debug */ = {
			isa = XCBuildConfiguration;
			buildSettings = {
				ASSETCATALOG_COMPILER_APPICON_NAME = AppIcon;
				ASSETCATALOG_COMPILER_GLOBAL_ACCENT_COLOR_NAME = AccentColor;
				CODE_SIGN_STYLE = Automatic;
				CURRENT_PROJECT_VERSION = 1;
				DEVELOPMENT_ASSET_PATHS = "\"TravelDiscovery/Preview Content\"";
				DEVELOPMENT_TEAM = W5K964UUA6;
				ENABLE_PREVIEWS = YES;
				GENERATE_INFOPLIST_FILE = YES;
				INFOPLIST_KEY_UIApplicationSceneManifest_Generation = YES;
				INFOPLIST_KEY_UIApplicationSupportsIndirectInputEvents = YES;
				INFOPLIST_KEY_UILaunchScreen_Generation = YES;
				INFOPLIST_KEY_UISupportedInterfaceOrientations_iPad = "UIInterfaceOrientationPortrait UIInterfaceOrientationPortraitUpsideDown UIInterfaceOrientationLandscapeLeft UIInterfaceOrientationLandscapeRight";
				INFOPLIST_KEY_UISupportedInterfaceOrientations_iPhone = "UIInterfaceOrientationPortrait UIInterfaceOrientationLandscapeLeft UIInterfaceOrientationLandscapeRight";
				LD_RUNPATH_SEARCH_PATHS = (
					"$(inherited)",
					"@executable_path/Frameworks",
				);
				MARKETING_VERSION = 1.0;
				PRODUCT_BUNDLE_IDENTIFIER = com.iYasser.TravelDiscovery;
				PRODUCT_NAME = "$(TARGET_NAME)";
				SWIFT_EMIT_LOC_STRINGS = YES;
				SWIFT_VERSION = 5.0;
				TARGETED_DEVICE_FAMILY = "1,2";
			};
			name = Debug;
		};
		18A83CBE29F7D0E50007274D /* Release */ = {
			isa = XCBuildConfiguration;
			buildSettings = {
				ASSETCATALOG_COMPILER_APPICON_NAME = AppIcon;
				ASSETCATALOG_COMPILER_GLOBAL_ACCENT_COLOR_NAME = AccentColor;
				CODE_SIGN_STYLE = Automatic;
				CURRENT_PROJECT_VERSION = 1;
				DEVELOPMENT_ASSET_PATHS = "\"TravelDiscovery/Preview Content\"";
				DEVELOPMENT_TEAM = W5K964UUA6;
				ENABLE_PREVIEWS = YES;
				GENERATE_INFOPLIST_FILE = YES;
				INFOPLIST_KEY_UIApplicationSceneManifest_Generation = YES;
				INFOPLIST_KEY_UIApplicationSupportsIndirectInputEvents = YES;
				INFOPLIST_KEY_UILaunchScreen_Generation = YES;
				INFOPLIST_KEY_UISupportedInterfaceOrientations_iPad = "UIInterfaceOrientationPortrait UIInterfaceOrientationPortraitUpsideDown UIInterfaceOrientationLandscapeLeft UIInterfaceOrientationLandscapeRight";
				INFOPLIST_KEY_UISupportedInterfaceOrientations_iPhone = "UIInterfaceOrientationPortrait UIInterfaceOrientationLandscapeLeft UIInterfaceOrientationLandscapeRight";
				LD_RUNPATH_SEARCH_PATHS = (
					"$(inherited)",
					"@executable_path/Frameworks",
				);
				MARKETING_VERSION = 1.0;
				PRODUCT_BUNDLE_IDENTIFIER = com.iYasser.TravelDiscovery;
				PRODUCT_NAME = "$(TARGET_NAME)";
				SWIFT_EMIT_LOC_STRINGS = YES;
				SWIFT_VERSION = 5.0;
				TARGETED_DEVICE_FAMILY = "1,2";
			};
			name = Release;
		};
/* End XCBuildConfiguration section */

/* Begin XCConfigurationList section */
		18A83CA929F7D0E30007274D /* Build configuration list for PBXProject "TravelDiscovery" */ = {
			isa = XCConfigurationList;
			buildConfigurations = (
				18A83CBA29F7D0E50007274D /* Debug */,
				18A83CBB29F7D0E50007274D /* Release */,
			);
			defaultConfigurationIsVisible = 0;
			defaultConfigurationName = Release;
		};
		18A83CBC29F7D0E50007274D /* Build configuration list for PBXNativeTarget "TravelDiscovery" */ = {
			isa = XCConfigurationList;
			buildConfigurations = (
				18A83CBD29F7D0E50007274D /* Debug */,
				18A83CBE29F7D0E50007274D /* Release */,
			);
			defaultConfigurationIsVisible = 0;
			defaultConfigurationName = Release;
		};
/* End XCConfigurationList section */
	};
	rootObject = 18A83CA629F7D0E30007274D /* Project object */;
}
